{
  "name": "3dac-driver-app",
  "version": "1.0.0",
  "lockfileVersion": 1,
  "requires": true,
  "dependencies": {
    "aurelia-script": {
      "version": "1.5.2",
      "resolved": "https://registry.npmjs.org/aurelia-script/-/aurelia-script-1.5.2.tgz",
      "integrity": "sha512-oqLPppLYFJHfvPb+Q3DNxb307jWKLdlB/K6nRk+z8afVbztdEHhGXmmJT4yx54YDhbf0b7ZpCNk2gAWVdmEfaQ=="
    },
    "decorate": {
      "version": "1.0.0",
      "resolved": "https://registry.npmjs.org/decorate/-/decorate-1.0.0.tgz",
      "integrity": "sha512-Mzo4w9nynaCBADQYyAFYO8duFzRojt/P56EFBecUqqAZLjEyW/8Y5j5eJMKNKx6M/By7IZIh20VJIWEV09f0gQ=="
    }
  }
}
